
Microsoft Visual Studio Solution File, Format Version 12.00
Project("{FAE04EC0-301F-11D3-BF4B-00C04F79EFBC}") = "AdventOfCode.Tests", "AdventOfCode.Tests\AdventOfCode.Tests.csproj", "{38E6D529-FEA8-408C-820C-A27A32550059}"
EndProject
Project("{FAE04EC0-301F-11D3-BF4B-00C04F79EFBC}") = "AdventOfCode.2025", "AdventOfCode.2025\AdventOfCode.2025.csproj", "{692B667E-1E44-4C0B-9903-1F905830C97A}"
EndProject
Global
	GlobalSection(SolutionConfigurationPlatforms) = preSolution
		Debug|Any CPU = Debug|Any CPU
		Release|Any CPU = Release|Any CPU
	EndGlobalSection
	GlobalSection(ProjectConfigurationPlatforms) = postSolution
		{38E6D529-FEA8-408C-820C-A27A32550059}.Debug|Any CPU.ActiveCfg = Debug|Any CPU
		{38E6D529-FEA8-408C-820C-A27A32550059}.Debug|Any CPU.Build.0 = Debug|Any CPU
		{38E6D529-FEA8-408C-820C-A27A32550059}.Release|Any CPU.ActiveCfg = Release|Any CPU
		{38E6D529-FEA8-408C-820C-A27A32550059}.Release|Any CPU.Build.0 = Release|Any CPU
		{692B667E-1E44-4C0B-9903-1F905830C97A}.Debug|Any CPU.ActiveCfg = Debug|Any CPU
		{692B667E-1E44-4C0B-9903-1F905830C97A}.Debug|Any CPU.Build.0 = Debug|Any CPU
		{692B667E-1E44-4C0B-9903-1F905830C97A}.Release|Any CPU.ActiveCfg = Release|Any CPU
		{692B667E-1E44-4C0B-9903-1F905830C97A}.Release|Any CPU.Build.0 = Release|Any CPU
	EndGlobalSection
EndGlobal
